
Microsoft Visual Studio Solution File, Format Version 12.00
# Visual Studio Version 16
VisualStudioVersion = 16.0.31624.102
MinimumVisualStudioVersion = 10.0.40219.1
Project("{FAE04EC0-301F-11D3-BF4B-00C04F79EFBC}") = "EditorWithMemento", "..\EditorWithMemento\EditorWithMemento.csproj", "{DDD3656E-8519-43BE-A7B0-5267B3E388C3}"
EndProject
Project("{FAE04EC0-301F-11D3-BF4B-00C04F79EFBC}") = "DocumentMementoDemo", "..\DocumentMementoDemo\DocumentMementoDemo.csproj", "{F8278EBE-063D-430D-A815-6101A27AACA8}"
EndProject
Global
	GlobalSection(SolutionConfigurationPlatforms) = preSolution
		Debug|Any CPU = Debug|Any CPU
		Release|Any CPU = Release|Any CPU
	EndGlobalSection
	GlobalSection(ProjectConfigurationPlatforms) = postSolution
		{DDD3656E-8519-43BE-A7B0-5267B3E388C3}.Debug|Any CPU.ActiveCfg = Debug|Any CPU
		{DDD3656E-8519-43BE-A7B0-5267B3E388C3}.Debug|Any CPU.Build.0 = Debug|Any CPU
		{DDD3656E-8519-43BE-A7B0-5267B3E388C3}.Release|Any CPU.ActiveCfg = Release|Any CPU
		{DDD3656E-8519-43BE-A7B0-5267B3E388C3}.Release|Any CPU.Build.0 = Release|Any CPU
		{F8278EBE-063D-430D-A815-6101A27AACA8}.Debug|Any CPU.ActiveCfg = Debug|Any CPU
		{F8278EBE-063D-430D-A815-6101A27AACA8}.Debug|Any CPU.Build.0 = Debug|Any CPU
		{F8278EBE-063D-430D-A815-6101A27AACA8}.Release|Any CPU.ActiveCfg = Release|Any CPU
		{F8278EBE-063D-430D-A815-6101A27AACA8}.Release|Any CPU.Build.0 = Release|Any CPU
	EndGlobalSection
	GlobalSection(SolutionProperties) = preSolution
		HideSolutionNode = FALSE
	EndGlobalSection
	GlobalSection(ExtensibilityGlobals) = postSolution
		SolutionGuid = {28E33FC1-3D0E-4109-8B78-FE431C635316}
	EndGlobalSection
EndGlobal
